
Microsoft Visual Studio Solution File, Format Version 12.00
# Visual Studio Version 17
VisualStudioVersion = 17.9.34701.34
MinimumVisualStudioVersion = 10.0.40219.1
Project("{2150E333-8FDC-42A3-9474-1A3956D46DE8}") = "Application Business Rules", "Application Business Rules", "{2A2C9E0A-D0AC-410E-B7C4-C35E4C9987A6}"
EndProject
Project("{2150E333-8FDC-42A3-9474-1A3956D46DE8}") = "Enterprise Business Rules", "Enterprise Business Rules", "{50CAD487-0176-46C4-B404-05F75A26FD0C}"
EndProject
Project("{2150E333-8FDC-42A3-9474-1A3956D46DE8}") = "Frameworks And Drivers", "Frameworks And Drivers", "{C5C37F55-E52B-4F06-B0B2-AF2DD7A25CDF}"
EndProject
Project("{2150E333-8FDC-42A3-9474-1A3956D46DE8}") = "Interface Adpaters", "Interface Adpaters", "{B5DBEB02-227D-4607-A8A3-497B74A3BAFD}"
EndProject
Project("{9A19103F-16F7-4668-BE54-9A1E7A4F7556}") = "NorthWind.Entities", "NorthWind.Entities\NorthWind.Entities.csproj", "{6145CAEB-BA9F-4120-935E-32DDCCEE75BC}"
EndProject
Project("{2150E333-8FDC-42A3-9474-1A3956D46DE8}") = "Gateways", "Gateways", "{D4ECCC3C-318A-40C4-84D9-FCC8B034CF7F}"
EndProject
Project("{9A19103F-16F7-4668-BE54-9A1E7A4F7556}") = "NorthWind.Repositories.EFCore", "NorthWInd.Repositories.EFCore\NorthWind.Repositories.EFCore.csproj", "{E200502E-D8DC-42B1-BFAD-80736A183662}"
EndProject
Project("{9A19103F-16F7-4668-BE54-9A1E7A4F7556}") = "NorthWind.UseCasesDTOs", "NorthWind.UseCasesDTOs\NorthWind.UseCasesDTOs.csproj", "{C6581A00-653F-45A8-93A7-AC4BCD5B56A9}"
EndProject
Project("{9A19103F-16F7-4668-BE54-9A1E7A4F7556}") = "NorthWind.UseCases", "NorthWind.UseCases\NorthWind.UseCases.csproj", "{0A0A6124-94E2-4D1F-BB20-BE3182CBF73E}"
EndProject
Project("{9A19103F-16F7-4668-BE54-9A1E7A4F7556}") = "NorthWind.IoC", "NorthWind.IoC\NorthWind.IoC.csproj", "{5320F234-2C38-4763-932A-A175E7AC61AD}"
EndProject
Project("{2150E333-8FDC-42A3-9474-1A3956D46DE8}") = "Presenters", "Presenters", "{EDDDD958-EF84-43EC-91F8-6F61107B570C}"
EndProject
Project("{9A19103F-16F7-4668-BE54-9A1E7A4F7556}") = "NorthWind.WebExceptionsPresenter", "NorthWInd.WebExceptionsPresenter\NorthWind.WebExceptionsPresenter.csproj", "{FB1273AC-F376-4D4A-B270-32D47DDE6CB0}"
EndProject
Project("{FAE04EC0-301F-11D3-BF4B-00C04F79EFBC}") = "NorthWind.Presenters", "NorthWind.Presenters\NorthWind.Presenters.csproj", "{EA23D386-8221-4244-A480-396C19BD5E21}"
EndProject
Project("{2150E333-8FDC-42A3-9474-1A3956D46DE8}") = "Controllers", "Controllers", "{24A7D2B4-D533-4F3F-81CF-8C564DC6158E}"
EndProject
Project("{FAE04EC0-301F-11D3-BF4B-00C04F79EFBC}") = "NorthWind.Controllers", "NorthWind.Controllers\NorthWind.Controllers.csproj", "{C4D35851-8B64-4949-A818-F44B89A65C63}"
EndProject
Project("{2150E333-8FDC-42A3-9474-1A3956D46DE8}") = "UI", "UI", "{7E483095-14A1-477D-8F92-1E85950E6E43}"
EndProject
Project("{FAE04EC0-301F-11D3-BF4B-00C04F79EFBC}") = "NorthWind.WebApi", "NorthWind.WebApi\NorthWind.WebApi.csproj", "{9C842E6C-C392-4CF8-AD22-1BE4B59286E6}"
EndProject
Global
	GlobalSection(SolutionConfigurationPlatforms) = preSolution
		Debug|Any CPU = Debug|Any CPU
		Release|Any CPU = Release|Any CPU
	EndGlobalSection
	GlobalSection(ProjectConfigurationPlatforms) = postSolution
		{6145CAEB-BA9F-4120-935E-32DDCCEE75BC}.Debug|Any CPU.ActiveCfg = Debug|Any CPU
		{6145CAEB-BA9F-4120-935E-32DDCCEE75BC}.Debug|Any CPU.Build.0 = Debug|Any CPU
		{6145CAEB-BA9F-4120-935E-32DDCCEE75BC}.Release|Any CPU.ActiveCfg = Release|Any CPU
		{6145CAEB-BA9F-4120-935E-32DDCCEE75BC}.Release|Any CPU.Build.0 = Release|Any CPU
		{E200502E-D8DC-42B1-BFAD-80736A183662}.Debug|Any CPU.ActiveCfg = Debug|Any CPU
		{E200502E-D8DC-42B1-BFAD-80736A183662}.Debug|Any CPU.Build.0 = Debug|Any CPU
		{E200502E-D8DC-42B1-BFAD-80736A183662}.Release|Any CPU.ActiveCfg = Release|Any CPU
		{E200502E-D8DC-42B1-BFAD-80736A183662}.Release|Any CPU.Build.0 = Release|Any CPU
		{C6581A00-653F-45A8-93A7-AC4BCD5B56A9}.Debug|Any CPU.ActiveCfg = Debug|Any CPU
		{C6581A00-653F-45A8-93A7-AC4BCD5B56A9}.Debug|Any CPU.Build.0 = Debug|Any CPU
		{C6581A00-653F-45A8-93A7-AC4BCD5B56A9}.Release|Any CPU.ActiveCfg = Release|Any CPU
		{C6581A00-653F-45A8-93A7-AC4BCD5B56A9}.Release|Any CPU.Build.0 = Release|Any CPU
		{0A0A6124-94E2-4D1F-BB20-BE3182CBF73E}.Debug|Any CPU.ActiveCfg = Debug|Any CPU
		{0A0A6124-94E2-4D1F-BB20-BE3182CBF73E}.Debug|Any CPU.Build.0 = Debug|Any CPU
		{0A0A6124-94E2-4D1F-BB20-BE3182CBF73E}.Release|Any CPU.ActiveCfg = Release|Any CPU
		{0A0A6124-94E2-4D1F-BB20-BE3182CBF73E}.Release|Any CPU.Build.0 = Release|Any CPU
		{5320F234-2C38-4763-932A-A175E7AC61AD}.Debug|Any CPU.ActiveCfg = Debug|Any CPU
		{5320F234-2C38-4763-932A-A175E7AC61AD}.Debug|Any CPU.Build.0 = Debug|Any CPU
		{5320F234-2C38-4763-932A-A175E7AC61AD}.Release|Any CPU.ActiveCfg = Release|Any CPU
		{5320F234-2C38-4763-932A-A175E7AC61AD}.Release|Any CPU.Build.0 = Release|Any CPU
		{FB1273AC-F376-4D4A-B270-32D47DDE6CB0}.Debug|Any CPU.ActiveCfg = Debug|Any CPU
		{FB1273AC-F376-4D4A-B270-32D47DDE6CB0}.Debug|Any CPU.Build.0 = Debug|Any CPU
		{FB1273AC-F376-4D4A-B270-32D47DDE6CB0}.Release|Any CPU.ActiveCfg = Release|Any CPU
		{FB1273AC-F376-4D4A-B270-32D47DDE6CB0}.Release|Any CPU.Build.0 = Release|Any CPU
		{EA23D386-8221-4244-A480-396C19BD5E21}.Debug|Any CPU.ActiveCfg = Debug|Any CPU
		{EA23D386-8221-4244-A480-396C19BD5E21}.Debug|Any CPU.Build.0 = Debug|Any CPU
		{EA23D386-8221-4244-A480-396C19BD5E21}.Release|Any CPU.ActiveCfg = Release|Any CPU
		{EA23D386-8221-4244-A480-396C19BD5E21}.Release|Any CPU.Build.0 = Release|Any CPU
		{C4D35851-8B64-4949-A818-F44B89A65C63}.Debug|Any CPU.ActiveCfg = Debug|Any CPU
		{C4D35851-8B64-4949-A818-F44B89A65C63}.Debug|Any CPU.Build.0 = Debug|Any CPU
		{C4D35851-8B64-4949-A818-F44B89A65C63}.Release|Any CPU.ActiveCfg = Release|Any CPU
		{C4D35851-8B64-4949-A818-F44B89A65C63}.Release|Any CPU.Build.0 = Release|Any CPU
		{9C842E6C-C392-4CF8-AD22-1BE4B59286E6}.Debug|Any CPU.ActiveCfg = Debug|Any CPU
		{9C842E6C-C392-4CF8-AD22-1BE4B59286E6}.Debug|Any CPU.Build.0 = Debug|Any CPU
		{9C842E6C-C392-4CF8-AD22-1BE4B59286E6}.Release|Any CPU.ActiveCfg = Release|Any CPU
		{9C842E6C-C392-4CF8-AD22-1BE4B59286E6}.Release|Any CPU.Build.0 = Release|Any CPU
	EndGlobalSection
	GlobalSection(SolutionProperties) = preSolution
		HideSolutionNode = FALSE
	EndGlobalSection
	GlobalSection(NestedProjects) = preSolution
		{6145CAEB-BA9F-4120-935E-32DDCCEE75BC} = {50CAD487-0176-46C4-B404-05F75A26FD0C}
		{D4ECCC3C-318A-40C4-84D9-FCC8B034CF7F} = {B5DBEB02-227D-4607-A8A3-497B74A3BAFD}
		{E200502E-D8DC-42B1-BFAD-80736A183662} = {D4ECCC3C-318A-40C4-84D9-FCC8B034CF7F}
		{C6581A00-653F-45A8-93A7-AC4BCD5B56A9} = {2A2C9E0A-D0AC-410E-B7C4-C35E4C9987A6}
		{0A0A6124-94E2-4D1F-BB20-BE3182CBF73E} = {2A2C9E0A-D0AC-410E-B7C4-C35E4C9987A6}
		{5320F234-2C38-4763-932A-A175E7AC61AD} = {B5DBEB02-227D-4607-A8A3-497B74A3BAFD}
		{EDDDD958-EF84-43EC-91F8-6F61107B570C} = {B5DBEB02-227D-4607-A8A3-497B74A3BAFD}
		{FB1273AC-F376-4D4A-B270-32D47DDE6CB0} = {EDDDD958-EF84-43EC-91F8-6F61107B570C}
		{EA23D386-8221-4244-A480-396C19BD5E21} = {EDDDD958-EF84-43EC-91F8-6F61107B570C}
		{24A7D2B4-D533-4F3F-81CF-8C564DC6158E} = {B5DBEB02-227D-4607-A8A3-497B74A3BAFD}
		{C4D35851-8B64-4949-A818-F44B89A65C63} = {24A7D2B4-D533-4F3F-81CF-8C564DC6158E}
		{7E483095-14A1-477D-8F92-1E85950E6E43} = {C5C37F55-E52B-4F06-B0B2-AF2DD7A25CDF}
		{9C842E6C-C392-4CF8-AD22-1BE4B59286E6} = {7E483095-14A1-477D-8F92-1E85950E6E43}
	EndGlobalSection
	GlobalSection(ExtensibilityGlobals) = postSolution
		SolutionGuid = {6384F2FB-D302-410D-A201-02669D50F5D1}
	EndGlobalSection
EndGlobal
